
Microsoft Visual Studio Solution File, Format Version 12.00
# Visual Studio 2013
VisualStudioVersion = 12.0.21005.1
MinimumVisualStudioVersion = 10.0.40219.1
Project("{FAE04EC0-301F-11D3-BF4B-00C04F79EFBC}") = "OtelOtomasyonu", "OtelOtomasyonu\OtelOtomasyonu.csproj", "{FEB7F200-14D5-4056-A418-0E8D3F1F2B0B}"
EndProject
Global
	GlobalSection(SolutionConfigurationPlatforms) = preSolution
		Debug|Any CPU = Debug|Any CPU
		Release|Any CPU = Release|Any CPU
	EndGlobalSection
	GlobalSection(ProjectConfigurationPlatforms) = postSolution
		{FEB7F200-14D5-4056-A418-0E8D3F1F2B0B}.Debug|Any CPU.ActiveCfg = Debug|Any CPU
		{FEB7F200-14D5-4056-A418-0E8D3F1F2B0B}.Debug|Any CPU.Build.0 = Debug|Any CPU
		{FEB7F200-14D5-4056-A418-0E8D3F1F2B0B}.Release|Any CPU.ActiveCfg = Release|Any CPU
		{FEB7F200-14D5-4056-A418-0E8D3F1F2B0B}.Release|Any CPU.Build.0 = Release|Any CPU
	EndGlobalSection
	GlobalSection(SolutionProperties) = preSolution
		HideSolutionNode = FALSE
	EndGlobalSection
EndGlobal
